
Microsoft Visual Studio Solution File, Format Version 12.00
# Visual Studio Version 16
VisualStudioVersion = 16.0.29806.167
MinimumVisualStudioVersion = 10.0.40219.1
Project("{FAE04EC0-301F-11D3-BF4B-00C04F79EFBC}") = "HttpClientSample", "HttpClientSample\HttpClientSample.csproj", "{CC98CFFD-57AE-4767-8FEF-2BAE50FFD270}"
EndProject
Global
	GlobalSection(SolutionConfigurationPlatforms) = preSolution
		Debug|Any CPU = Debug|Any CPU
		Release|Any CPU = Release|Any CPU
	EndGlobalSection
	GlobalSection(ProjectConfigurationPlatforms) = postSolution
		{CC98CFFD-57AE-4767-8FEF-2BAE50FFD270}.Debug|Any CPU.ActiveCfg = Debug|Any CPU
		{CC98CFFD-57AE-4767-8FEF-2BAE50FFD270}.Debug|Any CPU.Build.0 = Debug|Any CPU
		{CC98CFFD-57AE-4767-8FEF-2BAE50FFD270}.Release|Any CPU.ActiveCfg = Release|Any CPU
		{CC98CFFD-57AE-4767-8FEF-2BAE50FFD270}.Release|Any CPU.Build.0 = Release|Any CPU
	EndGlobalSection
	GlobalSection(SolutionProperties) = preSolution
		HideSolutionNode = FALSE
	EndGlobalSection
	GlobalSection(ExtensibilityGlobals) = postSolution
		SolutionGuid = {9AEF9D3E-B4C1-4E9E-8839-F98E7D1DEEDB}
	EndGlobalSection
EndGlobal
